
Microsoft Visual Studio Solution File, Format Version 12.00
# Visual Studio Version 16
VisualStudioVersion = 16.0.32510.428
MinimumVisualStudioVersion = 10.0.40219.1
Project("{2150E333-8FDC-42A3-9474-1A3956D46DE8}") = "laba_1", "laba_1", "{C553768F-6421-48CD-9BE8-4D79FD15E045}"
EndProject
Project("{2150E333-8FDC-42A3-9474-1A3956D46DE8}") = "Model", "Model", "{2CED3142-865F-4DF1-BA6E-73989B93A272}"
EndProject
Project("{2150E333-8FDC-42A3-9474-1A3956D46DE8}") = "View", "View", "{B3882C64-9449-4C39-8C83-4DAECB410216}"
EndProject
Project("{2150E333-8FDC-42A3-9474-1A3956D46DE8}") = "laba_2", "laba_2", "{6907011A-37F7-4267-A55D-8CD4DCA96846}"
EndProject
Project("{2150E333-8FDC-42A3-9474-1A3956D46DE8}") = "Model", "Model", "{9D8A6CA7-75B3-4A83-8260-76F1CC351EF9}"
EndProject
Project("{FAE04EC0-301F-11D3-BF4B-00C04F79EFBC}") = "2_Model", "2_Model\2_Model.csproj", "{821C980C-C094-405C-83C0-DA653F7C9753}"
EndProject
Project("{FAE04EC0-301F-11D3-BF4B-00C04F79EFBC}") = "2_View", "2_View\2_View.csproj", "{E593AF78-B8CC-4143-AD92-BC64129D34BE}"
EndProject
Project("{2150E333-8FDC-42A3-9474-1A3956D46DE8}") = "View", "View", "{3D81B830-BDB7-4C72-8D52-1775B394FD80}"
EndProject
Project("{FAE04EC0-301F-11D3-BF4B-00C04F79EFBC}") = "1_model", "1_model\1_model.csproj", "{366C32FB-696F-411F-92DF-B17025B5CADD}"
EndProject
Project("{FAE04EC0-301F-11D3-BF4B-00C04F79EFBC}") = "1_view", "1_view\1_view.csproj", "{AEFF8A60-20DB-4163-A07C-4E31F37A5463}"
EndProject
Project("{2150E333-8FDC-42A3-9474-1A3956D46DE8}") = "laba_3", "laba_3", "{EFFFDF5F-98CF-42E5-A50E-A24EC23947A7}"
EndProject
Project("{2150E333-8FDC-42A3-9474-1A3956D46DE8}") = "Model", "Model", "{5187F9E5-F1C9-4884-902F-271D2B185D73}"
EndProject
Project("{2150E333-8FDC-42A3-9474-1A3956D46DE8}") = "View", "View", "{484694EC-E0EF-43B0-BC90-1A30B728DD06}"
EndProject
Project("{FAE04EC0-301F-11D3-BF4B-00C04F79EFBC}") = "3_model", "3_model\3_model.csproj", "{53F426AF-C5C1-4C72-81D0-382C9DAF0EE8}"
EndProject
Project("{FAE04EC0-301F-11D3-BF4B-00C04F79EFBC}") = "3_view", "3_view\3_view.csproj", "{59254508-E1A8-4DB7-BE2E-6BDE3A5318E5}"
EndProject
Project("{2150E333-8FDC-42A3-9474-1A3956D46DE8}") = "laba_4", "laba_4", "{BD801BCA-F88A-49B7-964C-FDC9CCACEBED}"
EndProject
Project("{2150E333-8FDC-42A3-9474-1A3956D46DE8}") = "Model", "Model", "{E0AB5DF8-CA63-48AB-93A7-FA1CBEF2198E}"
EndProject
Project("{FAE04EC0-301F-11D3-BF4B-00C04F79EFBC}") = "4_Model", "4_Model\4_Model.csproj", "{BAC259B9-8C5B-4D97-A4D9-7DDBFA0EA8F0}"
EndProject
Project("{2150E333-8FDC-42A3-9474-1A3956D46DE8}") = "View", "View", "{8E0F7CB2-7586-4A9E-8C75-3864408D757C}"
EndProject
Project("{FAE04EC0-301F-11D3-BF4B-00C04F79EFBC}") = "4_view", "4_view\4_view.csproj", "{F1FEED07-7673-4039-AC93-995A9205C0BF}"
EndProject
Global
	GlobalSection(SolutionConfigurationPlatforms) = preSolution
		Debug|Any CPU = Debug|Any CPU
		Release|Any CPU = Release|Any CPU
	EndGlobalSection
	GlobalSection(ProjectConfigurationPlatforms) = postSolution
		{821C980C-C094-405C-83C0-DA653F7C9753}.Debug|Any CPU.ActiveCfg = Debug|Any CPU
		{821C980C-C094-405C-83C0-DA653F7C9753}.Debug|Any CPU.Build.0 = Debug|Any CPU
		{821C980C-C094-405C-83C0-DA653F7C9753}.Release|Any CPU.ActiveCfg = Release|Any CPU
		{821C980C-C094-405C-83C0-DA653F7C9753}.Release|Any CPU.Build.0 = Release|Any CPU
		{E593AF78-B8CC-4143-AD92-BC64129D34BE}.Debug|Any CPU.ActiveCfg = Debug|Any CPU
		{E593AF78-B8CC-4143-AD92-BC64129D34BE}.Debug|Any CPU.Build.0 = Debug|Any CPU
		{E593AF78-B8CC-4143-AD92-BC64129D34BE}.Release|Any CPU.ActiveCfg = Release|Any CPU
		{E593AF78-B8CC-4143-AD92-BC64129D34BE}.Release|Any CPU.Build.0 = Release|Any CPU
		{366C32FB-696F-411F-92DF-B17025B5CADD}.Debug|Any CPU.ActiveCfg = Debug|Any CPU
		{366C32FB-696F-411F-92DF-B17025B5CADD}.Debug|Any CPU.Build.0 = Debug|Any CPU
		{366C32FB-696F-411F-92DF-B17025B5CADD}.Release|Any CPU.ActiveCfg = Release|Any CPU
		{366C32FB-696F-411F-92DF-B17025B5CADD}.Release|Any CPU.Build.0 = Release|Any CPU
		{AEFF8A60-20DB-4163-A07C-4E31F37A5463}.Debug|Any CPU.ActiveCfg = Debug|Any CPU
		{AEFF8A60-20DB-4163-A07C-4E31F37A5463}.Debug|Any CPU.Build.0 = Debug|Any CPU
		{AEFF8A60-20DB-4163-A07C-4E31F37A5463}.Release|Any CPU.ActiveCfg = Release|Any CPU
		{AEFF8A60-20DB-4163-A07C-4E31F37A5463}.Release|Any CPU.Build.0 = Release|Any CPU
		{53F426AF-C5C1-4C72-81D0-382C9DAF0EE8}.Debug|Any CPU.ActiveCfg = Debug|Any CPU
		{53F426AF-C5C1-4C72-81D0-382C9DAF0EE8}.Debug|Any CPU.Build.0 = Debug|Any CPU
		{53F426AF-C5C1-4C72-81D0-382C9DAF0EE8}.Release|Any CPU.ActiveCfg = Release|Any CPU
		{53F426AF-C5C1-4C72-81D0-382C9DAF0EE8}.Release|Any CPU.Build.0 = Release|Any CPU
		{59254508-E1A8-4DB7-BE2E-6BDE3A5318E5}.Debug|Any CPU.ActiveCfg = Debug|Any CPU
		{59254508-E1A8-4DB7-BE2E-6BDE3A5318E5}.Debug|Any CPU.Build.0 = Debug|Any CPU
		{59254508-E1A8-4DB7-BE2E-6BDE3A5318E5}.Release|Any CPU.ActiveCfg = Release|Any CPU
		{59254508-E1A8-4DB7-BE2E-6BDE3A5318E5}.Release|Any CPU.Build.0 = Release|Any CPU
		{BAC259B9-8C5B-4D97-A4D9-7DDBFA0EA8F0}.Debug|Any CPU.ActiveCfg = Debug|Any CPU
		{BAC259B9-8C5B-4D97-A4D9-7DDBFA0EA8F0}.Debug|Any CPU.Build.0 = Debug|Any CPU
		{BAC259B9-8C5B-4D97-A4D9-7DDBFA0EA8F0}.Release|Any CPU.ActiveCfg = Release|Any CPU
		{BAC259B9-8C5B-4D97-A4D9-7DDBFA0EA8F0}.Release|Any CPU.Build.0 = Release|Any CPU
		{F1FEED07-7673-4039-AC93-995A9205C0BF}.Debug|Any CPU.ActiveCfg = Debug|Any CPU
		{F1FEED07-7673-4039-AC93-995A9205C0BF}.Debug|Any CPU.Build.0 = Debug|Any CPU
		{F1FEED07-7673-4039-AC93-995A9205C0BF}.Release|Any CPU.ActiveCfg = Release|Any CPU
		{F1FEED07-7673-4039-AC93-995A9205C0BF}.Release|Any CPU.Build.0 = Release|Any CPU
	EndGlobalSection
	GlobalSection(SolutionProperties) = preSolution
		HideSolutionNode = FALSE
	EndGlobalSection
	GlobalSection(NestedProjects) = preSolution
		{2CED3142-865F-4DF1-BA6E-73989B93A272} = {C553768F-6421-48CD-9BE8-4D79FD15E045}
		{B3882C64-9449-4C39-8C83-4DAECB410216} = {C553768F-6421-48CD-9BE8-4D79FD15E045}
		{9D8A6CA7-75B3-4A83-8260-76F1CC351EF9} = {6907011A-37F7-4267-A55D-8CD4DCA96846}
		{821C980C-C094-405C-83C0-DA653F7C9753} = {9D8A6CA7-75B3-4A83-8260-76F1CC351EF9}
		{E593AF78-B8CC-4143-AD92-BC64129D34BE} = {3D81B830-BDB7-4C72-8D52-1775B394FD80}
		{3D81B830-BDB7-4C72-8D52-1775B394FD80} = {6907011A-37F7-4267-A55D-8CD4DCA96846}
		{366C32FB-696F-411F-92DF-B17025B5CADD} = {2CED3142-865F-4DF1-BA6E-73989B93A272}
		{AEFF8A60-20DB-4163-A07C-4E31F37A5463} = {B3882C64-9449-4C39-8C83-4DAECB410216}
		{5187F9E5-F1C9-4884-902F-271D2B185D73} = {EFFFDF5F-98CF-42E5-A50E-A24EC23947A7}
		{484694EC-E0EF-43B0-BC90-1A30B728DD06} = {EFFFDF5F-98CF-42E5-A50E-A24EC23947A7}
		{53F426AF-C5C1-4C72-81D0-382C9DAF0EE8} = {5187F9E5-F1C9-4884-902F-271D2B185D73}
		{59254508-E1A8-4DB7-BE2E-6BDE3A5318E5} = {484694EC-E0EF-43B0-BC90-1A30B728DD06}
		{E0AB5DF8-CA63-48AB-93A7-FA1CBEF2198E} = {BD801BCA-F88A-49B7-964C-FDC9CCACEBED}
		{BAC259B9-8C5B-4D97-A4D9-7DDBFA0EA8F0} = {E0AB5DF8-CA63-48AB-93A7-FA1CBEF2198E}
		{8E0F7CB2-7586-4A9E-8C75-3864408D757C} = {BD801BCA-F88A-49B7-964C-FDC9CCACEBED}
		{F1FEED07-7673-4039-AC93-995A9205C0BF} = {8E0F7CB2-7586-4A9E-8C75-3864408D757C}
	EndGlobalSection
	GlobalSection(ExtensibilityGlobals) = postSolution
		SolutionGuid = {BF22F129-7CC0-419E-A3B3-13BB27C2A505}
	EndGlobalSection
EndGlobal
